
Microsoft Visual Studio Solution File, Format Version 12.00
# Visual Studio Version 16
VisualStudioVersion = 16.0.29728.190
MinimumVisualStudioVersion = 10.0.40219.1
Project("{FAE04EC0-301F-11D3-BF4B-00C04F79EFBC}") = "MyOnlineShop", "MyOnlineShop\MyOnlineShop.csproj", "{D8FD837A-ED89-4958-9039-DD42E381514A}"
EndProject
Global
	GlobalSection(SolutionConfigurationPlatforms) = preSolution
		Debug|Any CPU = Debug|Any CPU
		Release|Any CPU = Release|Any CPU
	EndGlobalSection
	GlobalSection(ProjectConfigurationPlatforms) = postSolution
		{D8FD837A-ED89-4958-9039-DD42E381514A}.Debug|Any CPU.ActiveCfg = Debug|Any CPU
		{D8FD837A-ED89-4958-9039-DD42E381514A}.Debug|Any CPU.Build.0 = Debug|Any CPU
		{D8FD837A-ED89-4958-9039-DD42E381514A}.Release|Any CPU.ActiveCfg = Release|Any CPU
		{D8FD837A-ED89-4958-9039-DD42E381514A}.Release|Any CPU.Build.0 = Release|Any CPU
	EndGlobalSection
	GlobalSection(SolutionProperties) = preSolution
		HideSolutionNode = FALSE
	EndGlobalSection
	GlobalSection(ExtensibilityGlobals) = postSolution
		SolutionGuid = {F0965512-2EDF-41A7-A19C-238036F5D40B}
	EndGlobalSection
EndGlobal
